{
  "object": {
    "pins": [
      {
        "package": "TestPackage",
        "repositoryURL": "https://github.com/ahmedtalaatshaker/TestPackage",
        "state": {
          "branch": null,
          "revision": "24b0ad336392a269217e66124f6d89395df73316",
          "version": "1.0.1"
        }
      }
    ]
  },
  "version": 1
}
